
Microsoft Visual Studio Solution File, Format Version 12.00
# Visual Studio Version 17
VisualStudioVersion = 17.6.33829.357
MinimumVisualStudioVersion = 10.0.40219.1
Project("{FAE04EC0-301F-11D3-BF4B-00C04F79EFBC}") = "ControleErros", "ControleErros\ControleErros.csproj", "{3009D247-79C4-4ACB-9551-4048B88816FD}"
EndProject
Global
	GlobalSection(SolutionConfigurationPlatforms) = preSolution
		Debug|Any CPU = Debug|Any CPU
		Release|Any CPU = Release|Any CPU
	EndGlobalSection
	GlobalSection(ProjectConfigurationPlatforms) = postSolution
		{3009D247-79C4-4ACB-9551-4048B88816FD}.Debug|Any CPU.ActiveCfg = Debug|Any CPU
		{3009D247-79C4-4ACB-9551-4048B88816FD}.Debug|Any CPU.Build.0 = Debug|Any CPU
		{3009D247-79C4-4ACB-9551-4048B88816FD}.Release|Any CPU.ActiveCfg = Release|Any CPU
		{3009D247-79C4-4ACB-9551-4048B88816FD}.Release|Any CPU.Build.0 = Release|Any CPU
	EndGlobalSection
	GlobalSection(SolutionProperties) = preSolution
		HideSolutionNode = FALSE
	EndGlobalSection
	GlobalSection(ExtensibilityGlobals) = postSolution
		SolutionGuid = {C5052D26-C681-4191-8B5D-30A5DD760CAE}
	EndGlobalSection
EndGlobal
